
Microsoft Visual Studio Solution File, Format Version 12.00
# Visual Studio Version 16
VisualStudioVersion = 16.0.29326.143
MinimumVisualStudioVersion = 10.0.40219.1
Project("{FAE04EC0-301F-11D3-BF4B-00C04F79EFBC}") = "FileSplitter", "FileSplitter\FileSplitter.csproj", "{5D89D41C-3D2B-45B4-8E76-F2176AFF5B9C}"
EndProject
Global
	GlobalSection(SolutionConfigurationPlatforms) = preSolution
		Debug|Any CPU = Debug|Any CPU
		Release|Any CPU = Release|Any CPU
	EndGlobalSection
	GlobalSection(ProjectConfigurationPlatforms) = postSolution
		{5D89D41C-3D2B-45B4-8E76-F2176AFF5B9C}.Debug|Any CPU.ActiveCfg = Debug|Any CPU
		{5D89D41C-3D2B-45B4-8E76-F2176AFF5B9C}.Debug|Any CPU.Build.0 = Debug|Any CPU
		{5D89D41C-3D2B-45B4-8E76-F2176AFF5B9C}.Release|Any CPU.ActiveCfg = Release|Any CPU
		{5D89D41C-3D2B-45B4-8E76-F2176AFF5B9C}.Release|Any CPU.Build.0 = Release|Any CPU
	EndGlobalSection
	GlobalSection(SolutionProperties) = preSolution
		HideSolutionNode = FALSE
	EndGlobalSection
	GlobalSection(ExtensibilityGlobals) = postSolution
		SolutionGuid = {2C01DFAD-372D-4D00-84D0-1326D07D9117}
	EndGlobalSection
EndGlobal
